
Microsoft Visual Studio Solution File, Format Version 12.00
# Visual Studio Version 17
VisualStudioVersion = 17.11.35222.181
MinimumVisualStudioVersion = 10.0.40219.1
Project("{FAE04EC0-301F-11D3-BF4B-00C04F79EFBC}") = "VendingMachineApp.Server", "VendingMachineApp.Server\VendingMachineApp.Server.csproj", "{AE93B63D-A1AC-4864-9CB7-12A567E36AB3}"
EndProject
Project("{54A90642-561A-4BB1-A94E-469ADEE60C69}") = "vendingmachineapp.client", "vendingmachineapp.client\vendingmachineapp.client.esproj", "{2A7A83B6-B4AF-4CF5-98DB-01B49DFCF8B3}"
EndProject
Global
	GlobalSection(SolutionConfigurationPlatforms) = preSolution
		Debug|Any CPU = Debug|Any CPU
		Release|Any CPU = Release|Any CPU
	EndGlobalSection
	GlobalSection(ProjectConfigurationPlatforms) = postSolution
		{AE93B63D-A1AC-4864-9CB7-12A567E36AB3}.Debug|Any CPU.ActiveCfg = Debug|Any CPU
		{AE93B63D-A1AC-4864-9CB7-12A567E36AB3}.Debug|Any CPU.Build.0 = Debug|Any CPU
		{AE93B63D-A1AC-4864-9CB7-12A567E36AB3}.Release|Any CPU.ActiveCfg = Release|Any CPU
		{AE93B63D-A1AC-4864-9CB7-12A567E36AB3}.Release|Any CPU.Build.0 = Release|Any CPU
		{2A7A83B6-B4AF-4CF5-98DB-01B49DFCF8B3}.Debug|Any CPU.ActiveCfg = Debug|Any CPU
		{2A7A83B6-B4AF-4CF5-98DB-01B49DFCF8B3}.Debug|Any CPU.Build.0 = Debug|Any CPU
		{2A7A83B6-B4AF-4CF5-98DB-01B49DFCF8B3}.Debug|Any CPU.Deploy.0 = Debug|Any CPU
		{2A7A83B6-B4AF-4CF5-98DB-01B49DFCF8B3}.Release|Any CPU.ActiveCfg = Release|Any CPU
		{2A7A83B6-B4AF-4CF5-98DB-01B49DFCF8B3}.Release|Any CPU.Build.0 = Release|Any CPU
		{2A7A83B6-B4AF-4CF5-98DB-01B49DFCF8B3}.Release|Any CPU.Deploy.0 = Release|Any CPU
	EndGlobalSection
	GlobalSection(SolutionProperties) = preSolution
		HideSolutionNode = FALSE
	EndGlobalSection
	GlobalSection(ExtensibilityGlobals) = postSolution
		SolutionGuid = {4BAF12C7-B42D-40E4-A8CF-49B21032FAA3}
	EndGlobalSection
EndGlobal
